
Microsoft Visual Studio Solution File, Format Version 12.00
# Visual Studio Version 17
VisualStudioVersion = 17.14.37111.16 d17.14
MinimumVisualStudioVersion = 10.0.40219.1
Project("{FAE04EC0-301F-11D3-BF4B-00C04F79EFBC}") = "07.Nullable, Enum, Struct", "07.Nullable, Enum, Struct.csproj", "{9FFA3D3D-E401-4160-9E34-BEF841A1A0BF}"
EndProject
Global
	GlobalSection(SolutionConfigurationPlatforms) = preSolution
		Debug|Any CPU = Debug|Any CPU
		Release|Any CPU = Release|Any CPU
	EndGlobalSection
	GlobalSection(ProjectConfigurationPlatforms) = postSolution
		{9FFA3D3D-E401-4160-9E34-BEF841A1A0BF}.Debug|Any CPU.ActiveCfg = Debug|Any CPU
		{9FFA3D3D-E401-4160-9E34-BEF841A1A0BF}.Debug|Any CPU.Build.0 = Debug|Any CPU
		{9FFA3D3D-E401-4160-9E34-BEF841A1A0BF}.Release|Any CPU.ActiveCfg = Release|Any CPU
		{9FFA3D3D-E401-4160-9E34-BEF841A1A0BF}.Release|Any CPU.Build.0 = Release|Any CPU
	EndGlobalSection
	GlobalSection(SolutionProperties) = preSolution
		HideSolutionNode = FALSE
	EndGlobalSection
	GlobalSection(ExtensibilityGlobals) = postSolution
		SolutionGuid = {6861FB83-186F-4DF1-9251-E5D232B989CC}
	EndGlobalSection
EndGlobal
